
Microsoft Visual Studio Solution File, Format Version 12.00
# Visual Studio Version 16
VisualStudioVersion = 16.0.30717.126
MinimumVisualStudioVersion = 10.0.40219.1
Project("{FAE04EC0-301F-11D3-BF4B-00C04F79EFBC}") = "SimpleWifi", "SimpleWifi\SimpleWifi.csproj", "{6AA425C9-EA6A-4B01-AAED-5FF122E8B663}"
EndProject
Project("{FAE04EC0-301F-11D3-BF4B-00C04F79EFBC}") = "SimpleWifiExampleWinForm", "SimpleWifiExampleWinForm\SimpleWifiExampleWinForm.csproj", "{2F14A950-792C-41B0-B514-EA060E5EC684}"
EndProject
Global
	GlobalSection(SolutionConfigurationPlatforms) = preSolution
		Debug|Any CPU = Debug|Any CPU
		Release|Any CPU = Release|Any CPU
	EndGlobalSection
	GlobalSection(ProjectConfigurationPlatforms) = postSolution
		{6AA425C9-EA6A-4B01-AAED-5FF122E8B663}.Debug|Any CPU.ActiveCfg = Debug|Any CPU
		{6AA425C9-EA6A-4B01-AAED-5FF122E8B663}.Debug|Any CPU.Build.0 = Debug|Any CPU
		{6AA425C9-EA6A-4B01-AAED-5FF122E8B663}.Release|Any CPU.ActiveCfg = Release|Any CPU
		{6AA425C9-EA6A-4B01-AAED-5FF122E8B663}.Release|Any CPU.Build.0 = Release|Any CPU
		{2F14A950-792C-41B0-B514-EA060E5EC684}.Debug|Any CPU.ActiveCfg = Debug|Any CPU
		{2F14A950-792C-41B0-B514-EA060E5EC684}.Debug|Any CPU.Build.0 = Debug|Any CPU
		{2F14A950-792C-41B0-B514-EA060E5EC684}.Release|Any CPU.ActiveCfg = Release|Any CPU
		{2F14A950-792C-41B0-B514-EA060E5EC684}.Release|Any CPU.Build.0 = Release|Any CPU
	EndGlobalSection
	GlobalSection(SolutionProperties) = preSolution
		HideSolutionNode = FALSE
	EndGlobalSection
	GlobalSection(ExtensibilityGlobals) = postSolution
		SolutionGuid = {3C380432-CEE6-4A6E-9807-EF94BD248537}
	EndGlobalSection
EndGlobal
